
Microsoft Visual Studio Solution File, Format Version 12.00
# Visual Studio Version 17
VisualStudioVersion = 17.0.32014.148
MinimumVisualStudioVersion = 10.0.40219.1
Project("{9A19103F-16F7-4668-BE54-9A1E7A4F7556}") = "ResearchLab_Library", "src\ResearchLab_Library\ResearchLab_Library.csproj", "{0EE3481A-E4C2-4DD4-808D-79F6BE102CEF}"
EndProject
Project("{9A19103F-16F7-4668-BE54-9A1E7A4F7556}") = "ResearchLab", "src\ResearchLab\ResearchLab.csproj", "{707F455E-00C7-456F-A3B3-8ECD9181D1E1}"
EndProject
Global
	GlobalSection(SolutionConfigurationPlatforms) = preSolution
		Debug|Any CPU = Debug|Any CPU
		Release|Any CPU = Release|Any CPU
	EndGlobalSection
	GlobalSection(ProjectConfigurationPlatforms) = postSolution
		{0EE3481A-E4C2-4DD4-808D-79F6BE102CEF}.Debug|Any CPU.ActiveCfg = Debug|Any CPU
		{0EE3481A-E4C2-4DD4-808D-79F6BE102CEF}.Debug|Any CPU.Build.0 = Debug|Any CPU
		{0EE3481A-E4C2-4DD4-808D-79F6BE102CEF}.Release|Any CPU.ActiveCfg = Release|Any CPU
		{0EE3481A-E4C2-4DD4-808D-79F6BE102CEF}.Release|Any CPU.Build.0 = Release|Any CPU
		{707F455E-00C7-456F-A3B3-8ECD9181D1E1}.Debug|Any CPU.ActiveCfg = Debug|Any CPU
		{707F455E-00C7-456F-A3B3-8ECD9181D1E1}.Debug|Any CPU.Build.0 = Debug|Any CPU
		{707F455E-00C7-456F-A3B3-8ECD9181D1E1}.Release|Any CPU.ActiveCfg = Release|Any CPU
		{707F455E-00C7-456F-A3B3-8ECD9181D1E1}.Release|Any CPU.Build.0 = Release|Any CPU
	EndGlobalSection
	GlobalSection(SolutionProperties) = preSolution
		HideSolutionNode = FALSE
	EndGlobalSection
	GlobalSection(ExtensibilityGlobals) = postSolution
		SolutionGuid = {55FD0964-5748-4E9A-B9FC-8E70FE97EE7E}
	EndGlobalSection
EndGlobal
